{
  "version": 4,
  "terraform_version": "1.7.0",
  "serial": 34,
  "lineage": "a1d03028-0f10-90f4-fa2c-b9fac36295fb",
  "outputs": {
    "compute_private_ip": {
      "value": "10.0.1.160",
      "type": "string"
    },
    "compute_public_ip": {
      "value": "80.225.196.179",
      "type": "string"
    },
    "load_balancer_ip": {
      "value": "130.210.27.152",
      "type": "string"
    },
    "mysql_endpoint": {
      "value": "rpapp.private.rpapp.oraclevcn.com:3306",
      "type": "string",
      "sensitive": true
    },
    "vcn_id": {
      "value": "ocid1.vcn.oc1.ap-mumbai-1.amaaaaaakxqwueaap2yipljusxx2oiy6tksw4l55ypzcgvstivwrjamiddga",
      "type": "string"
    }
  },
  "resources": [
    {
      "module": "module.common",
      "mode": "data",
      "type": "oci_identity_availability_domains",
      "name": "ads",
      "provider": "provider[\"registry.terraform.io/oracle/oci\"]",
      "instances": [
        {
          "schema_version": 0,
          "attributes": {
            "availability_domains": [
              {
                "compartment_id": "ocid1.tenancy.oc1..aaaaaaaadbps5hckvhfkz5nvdamrerst76qidcdzbvxxrqm4rztrwnwhosca",
                "id": "ocid1.availabilitydomain.oc1..aaaaaaaaqnfxrjivkxya4njkefe2dgbfwua6mxpvzhqal6zzekgsvjchoyjq",
                "name": "PaSV:AP-MUMBAI-1-AD-1"
              }
            ],
            "compartment_id": "ocid1.tenancy.oc1..aaaaaaaadbps5hckvhfkz5nvdamrerst76qidcdzbvxxrqm4rztrwnwhosca",
            "filter": null,
            "id": "IdentityAvailabilityDomainsDataSource-53632381"
          },
          "sensitive_attributes": []
        }
      ]
    },
    {
      "module": "module.compute",
      "mode": "data",
      "type": "oci_core_images",
      "name": "oracle_linux",
      "provider": "provider[\"registry.terraform.io/oracle/oci\"]",
      "instances": [
        {
          "schema_version": 0,
          "attributes": {
            "compartment_id": "ocid1.tenancy.oc1..aaaaaaaadbps5hckvhfkz5nvdamrerst76qidcdzbvxxrqm4rztrwnwhosca",
            "display_name": null,
            "filter": null,
            "id": "CoreImagesDataSource-1491367518",
            "images": [
              {
                "agent_features": [],
                "base_image_id": "",
                "billable_size_in_gbs": "5",
                "compartment_id": "",
                "create_image_allowed": true,
                "defined_tags": {},
                "display_name": "Oracle-Linux-9.8-2026.07.20-0",
                "freeform_tags": {},
                "id": "ocid1.image.oc1.ap-mumbai-1.aaaaaaaaahwwkdwwfb5gkrbooxatfsbxtbnfj5db6ps3bbikcjjbhagukanq",
                "image_source_details": [],
                "instance_id": "",
                "launch_mode": "NATIVE",
                "launch_options": [
                  {
                    "boot_volume_type": "PARAVIRTUALIZED",
                    "firmware": "UEFI_64",
                    "is_consistent_volume_naming_enabled": true,
                    "is_pv_encryption_in_transit_enabled": true,
                    "network_type": "PARAVIRTUALIZED",
                    "remote_data_volume_type": "PARAVIRTUALIZED"
                  }
                ],
                "listing_type": "",
                "operating_system": "Oracle Linux",
                "operating_system_version": "9",
                "size_in_mbs": "47719",
                "state": "AVAILABLE",
                "time_created": "2026-07-21 20:20:00.9 +0000 UTC"
              },
              {
                "agent_features": [],
                "base_image_id": "",
                "billable_size_in_gbs": "6",
                "compartment_id": "",
                "create_image_allowed": true,
                "defined_tags": {},
                "display_name": "Oracle-Linux-9.7-2026.06.15-1",
                "freeform_tags": {},
                "id": "ocid1.image.oc1.ap-mumbai-1.aaaaaaaav32gkitf6mql24b4wm7oqgnzskclcrutwb6p7osy5ygrylmsp3iq",
                "image_source_details": [],
                "instance_id": "",
                "launch_mode": "NATIVE",
                "launch_options": [
                  {
                    "boot_volume_type": "PARAVIRTUALIZED",
                    "firmware": "UEFI_64",
                    "is_consistent_volume_naming_enabled": true,
                    "is_pv_encryption_in_transit_enabled": true,
                    "network_type": "PARAVIRTUALIZED",
                    "remote_data_volume_type": "PARAVIRTUALIZED"
                  }
                ],
                "listing_type": "",
                "operating_system": "Oracle Linux",
                "operating_system_version": "9",
                "size_in_mbs": "47719",
                "state": "AVAILABLE",
                "time_created": "2026-07-06 05:17:26.08 +0000 UTC"
              },
              {
                "agent_features": [],
                "base_image_id": "",
                "billable_size_in_gbs": "6",
                "compartment_id": "",
                "create_image_allowed": true,
                "defined_tags": {},
                "display_name": "Oracle-Linux-9.7-2026.06.15-0",
                "freeform_tags": {},
                "id": "ocid1.image.oc1.ap-mumbai-1.aaaaaaaamoejedbzc6tq4c4uqsfpqu2nz3nkfddgr3efy6wasx3swk5oorsq",
                "image_source_details": [],
                "instance_id": "",
                "launch_mode": "NATIVE",
                "launch_options": [
                  {
                    "boot_volume_type": "PARAVIRTUALIZED",
                    "firmware": "UEFI_64",
                    "is_consistent_volume_naming_enabled": true,
                    "is_pv_encryption_in_transit_enabled": true,
                    "network_type": "PARAVIRTUALIZED",
                    "remote_data_volume_type": "PARAVIRTUALIZED"
                  }
                ],
                "listing_type": "",
                "operating_system": "Oracle Linux",
                "operating_system_version": "9",
                "size_in_mbs": "47719",
                "state": "AVAILABLE",
                "time_created": "2026-06-18 04:50:51.677 +0000 UTC"
              }
            ],
            "operating_system": "Oracle Linux",
            "operating_system_version": "9",
            "shape": "VM.Standard.E2.1.Micro",
            "sort_by": "TIMECREATED",
            "sort_order": "DESC",
            "state": null
          },
          "sensitive_attributes": []
        }
      ]
    },
    {
      "module": "module.compute",
      "mode": "managed",
      "type": "oci_core_instance",
      "name": "app",
      "provider": "provider[\"registry.terraform.io/oracle/oci\"]",
      "instances": [
        {
          "schema_version": 0,
          "attributes": {
            "agent_config": [
              {
                "are_all_plugins_disabled": false,
                "is_management_disabled": false,
                "is_monitoring_disabled": false,
                "plugins_config": []
              }
            ],
            "async": null,
            "availability_config": [
              {
                "is_live_migration_preferred": false,
                "recovery_action": "RESTORE_INSTANCE"
              }
            ],
            "availability_domain": "PaSV:AP-MUMBAI-1-AD-1",
            "boot_volume_id": "ocid1.bootvolume.oc1.ap-mumbai-1.abrg6ljrotqx5uj6wzwqtvpobbwj7hqcfe7fhppeukxpcblepjla33ccmuoq",
            "capacity_reservation_id": null,
            "cluster_placement_group_id": null,
            "compartment_id": "ocid1.tenancy.oc1..aaaaaaaadbps5hckvhfkz5nvdamrerst76qidcdzbvxxrqm4rztrwnwhosca",
            "compute_cluster_id": null,
            "create_vnic_details": [
              {
                "assign_ipv6ip": false,
                "assign_private_dns_record": false,
                "assign_public_ip": "true",
                "defined_tags": {
                  "Oracle-Tags.CreatedBy": "default/hershrana@yahoo.com",
                  "Oracle-Tags.CreatedOn": "2026-08-02T16:43:29.126Z"
                },
                "display_name": "rp-app-app-vnic",
                "freeform_tags": {
                  "Environment": "prod",
                  "ManagedBy": "Terraform",
                  "Project": "rp-app"
                },
                "hostname_label": "rp-app-app-vnic",
                "ipv6address_ipv6subnet_cidr_pair_details": [],
                "nsg_ids": [
                  "ocid1.networksecuritygroup.oc1.ap-mumbai-1.aaaaaaaavb663boidl7g2umodpdd4i62uyvy7dljw2o2awbmlaqh3whxalza"
                ],
                "private_ip": "10.0.1.160",
                "private_ip_id": "",
                "security_attributes": {},
                "skip_source_dest_check": false,
                "subnet_cidr": "",
                "subnet_id": "ocid1.subnet.oc1.ap-mumbai-1.aaaaaaaa4n3xfjzkh7vpqexwhvkqfmtjyokh7qwagms73xombal5dddyyioq",
                "vlan_id": ""
              }
            ],
            "dedicated_vm_host_id": null,
            "defined_tags": {
              "Oracle-Tags.CreatedBy": "default/hershrana@yahoo.com",
              "Oracle-Tags.CreatedOn": "2026-08-02T16:43:28.967Z"
            },
            "display_name": "rp-app-app",
            "extended_metadata": {},
            "fault_domain": "FAULT-DOMAIN-3",
            "freeform_tags": {
              "Environment": "prod",
              "ManagedBy": "Terraform",
              "Project": "rp-app"
            },
            "hostname_label": "rp-app-app-vnic",
            "id": "ocid1.instance.oc1.ap-mumbai-1.anrg6ljrkxqwueacrewlod7ar3s3o6ojw75c7z4apgvy4mfry5wuywhgxeiq",
            "image": "ocid1.image.oc1.ap-mumbai-1.aaaaaaaaahwwkdwwfb5gkrbooxatfsbxtbnfj5db6ps3bbikcjjbhagukanq",
            "instance_configuration_id": null,
            "instance_options": [
              {
                "are_legacy_imds_endpoints_disabled": false
              }
            ],
            "ipxe_script": null,
            "is_ai_enterprise_enabled": null,
            "is_cross_numa_node": false,
            "is_pv_encryption_in_transit_enabled": null,
            "launch_mode": "PARAVIRTUALIZED",
            "launch_options": [
              {
                "boot_volume_type": "PARAVIRTUALIZED",
                "firmware": "UEFI_64",
                "is_consistent_volume_naming_enabled": true,
                "is_pv_encryption_in_transit_enabled": false,
                "network_type": "PARAVIRTUALIZED",
                "remote_data_volume_type": "PARAVIRTUALIZED"
              }
            ],
            "launch_volume_attachments": [],
            "licensing_configs": [],
            "metadata": {
              "ssh_authorized_keys": "ssh-rsa AAAAB3NzaC1yc2EAAAADAQABAAACAQDJeM8Bi+pxScCgAmmN7AiQRIBAyQ4sAT92uSeLJnfLVbA6CnUDkE2yenoS6lWpU2BKUsRy1J/P0KIUbDzMCzAkMHy+0ZHU14lqNLNScIni6VU95vmT4boVrV5j17Hh2aVShllBKi2lgBT5A4kPjtp2bZocA6uMYSnPm7ZLDC/0+0oXVUSTo+V0MqcAOJJ+Y3dqA8zWpp0tCIUOnKiJ86VquPtYOeWRPmttkKb6GgY/wpF65cgSECZIXc5A1wPB8xAMWS5UXxvbuqx/WbHIxblscMF3sIw4DUESxRCiXaft0eukp68kC3an8RrsRoN+BPpwm6tY3sqwEtjBU4AJe0apNDKMxcn+btV31QOlJCta2AzA382b5vhQXtmcYLhdJerNsz8xPB1rwE2JDI1OKcejzLfdVPx0/eova8o0uQJ6YBdB4sAi36/LmthZTFgZ9esI5rhjy/634AB7N0bGlamGub6cnWjLQ1RpKtjN+vqWFOfB6rT15mXnJ5cOXTR3d0RLotjmGPEDtHYTuHCHaHBhaFupqvPGXpD/spT+8mgo8dbN0FKI3BsjNZ6VfGd1KHiXaLCqqCLRU4bgPM/IOu+K7uYWtKROT3XrTLx6/HLSQkFehLq/AwaUWzeNaXVcmGqIn6VWhpClYIxKm4ruPqFmMzmW3igip9+BLNHyY5B8Zw== rp-app-instances",
              "user_data": "IyEvdXNyL2Jpbi9lbnYgYmFzaAojIGNsb3VkLWluaXQgYm9vdHN0cmFwOiBpbnN0YWxsIEphdmEgMjEgYW5kIHByZXBhcmUgc3lzdGVtZCBzZXJ2aWNlIGRpcmVjdG9yeQpzZXQgLWV1byBwaXBlZmFpbAoKZG5mIHVwZGF0ZSAteQpkbmYgaW5zdGFsbCAteSBqYXZhLTIxLW9wZW5qZGstaGVhZGxlc3MKCm1rZGlyIC1wIC9vcHQvcnAtYXBwCnVzZXJhZGQgLXIgLXMgL3NiaW4vbm9sb2dpbiBycC1hcHAgfHwgdHJ1ZQpjaG93biBycC1hcHA6cnAtYXBwIC9vcHQvcnAtYXBwCg=="
            },
            "placement_constraint_details": [],
            "platform_config": [],
            "preemptible_instance_config": [],
            "preserve_boot_volume": null,
            "preserve_data_volumes_created_at_launch": null,
            "private_ip": "10.0.1.160",
            "public_ip": "80.225.196.179",
            "region": "ap-mumbai-1",
            "security_attributes": {},
            "security_attributes_state": "STABLE",
            "shape": "VM.Standard.E2.1.Micro",
            "shape_config": [
              {
                "baseline_ocpu_utilization": "",
                "gpu_description": "",
                "gpus": 0,
                "local_disk_description": "",
                "local_disks": 0,
                "local_disks_total_size_in_gbs": 0,
                "local_volume_size_in_gbs": 0,
                "max_vnic_attachments": 1,
                "memory_in_gbs": 1,
                "networking_bandwidth_in_gbps": 0.47999998927116394,
                "nvmes": 0,
                "ocpus": 1,
                "processor_description": "2.0 GHz AMD EPYC™ 7551 (Naples)",
                "resource_management": "",
                "vcpus": 2
              }
            ],
            "source_details": [
              {
                "boot_volume_size_in_gbs": "50",
                "boot_volume_vpus_per_gb": "10",
                "instance_source_image_filter_details": [],
                "is_preserve_boot_volume_enabled": false,
                "kms_key_id": "",
                "source_id": "ocid1.image.oc1.ap-mumbai-1.aaaaaaaaahwwkdwwfb5gkrbooxatfsbxtbnfj5db6ps3bbikcjjbhagukanq",
                "source_type": "image"
              }
            ],
            "state": "RUNNING",
            "subnet_id": "ocid1.subnet.oc1.ap-mumbai-1.aaaaaaaa4n3xfjzkh7vpqexwhvkqfmtjyokh7qwagms73xombal5dddyyioq",
            "system_tags": {
              "orcl-cloud.free-tier-retained": "true"
            },
            "time_created": "2026-08-02 16:43:29.509 +0000 UTC",
            "time_maintenance_reboot_due": "",
            "timeouts": null,
            "update_operation_constraint": null
          },
          "sensitive_attributes": [],
          "private": "eyJlMmJmYjczMC1lY2FhLTExZTYtOGY4OC0zNDM2M2JjN2M0YzAiOnsiY3JlYXRlIjoyNzAwMDAwMDAwMDAwLCJkZWxldGUiOjQ1MDAwMDAwMDAwMDAsInVwZGF0ZSI6MjcwMDAwMDAwMDAwMH19",
          "dependencies": [
            "module.common.data.oci_identity_availability_domains.ads",
            "module.compute.data.oci_core_images.oracle_linux",
            "module.network.oci_core_internet_gateway.igw",
            "module.network.oci_core_route_table.public",
            "module.network.oci_core_subnet.public",
            "module.network.oci_core_vcn.main",
            "module.security.oci_core_network_security_group.compute"
          ]
        }
      ]
    },
    {
      "module": "module.monitoring",
      "mode": "managed",
      "type": "oci_monitoring_alarm",
      "name": "high_cpu",
      "provider": "provider[\"registry.terraform.io/oracle/oci\"]",
      "instances": [
        {
          "schema_version": 0,
          "attributes": {
            "alarm_summary": null,
            "body": null,
            "compartment_id": "ocid1.tenancy.oc1..aaaaaaaadbps5hckvhfkz5nvdamrerst76qidcdzbvxxrqm4rztrwnwhosca",
            "defined_tags": {
              "Oracle-Tags.CreatedBy": "default/hershrana@yahoo.com",
              "Oracle-Tags.CreatedOn": "2026-08-02T15:03:35.544Z"
            },
            "destinations": [
              "ocid1.onstopic.oc1.ap-mumbai-1.amaaaaaakxqwueaavviixez5ztq3abwlnitok7ttrxqw6nkzjzqnh7qnfvoq"
            ],
            "display_name": "rp-app-high-cpu",
            "evaluation_slack_duration": "PT3M",
            "freeform_tags": {},
            "id": "ocid1.alarm.oc1.ap-mumbai-1.amaaaaaakxqwueaaxrrjncibnh4wefow72ewgsazdrge7wzgjxsr6o3q36ma",
            "is_enabled": true,
            "is_notifications_per_metric_dimension_enabled": false,
            "message_format": "ONS_OPTIMIZED",
            "metric_compartment_id": "ocid1.tenancy.oc1..aaaaaaaadbps5hckvhfkz5nvdamrerst76qidcdzbvxxrqm4rztrwnwhosca",
            "metric_compartment_id_in_subtree": false,
            "namespace": "oci_computeagent",
            "notification_title": "rp-app-high-cpu",
            "notification_version": "1.X",
            "overrides": [],
            "pending_duration": "PT5M",
            "query": "CpuUtilization[5m].mean() \u003e 85",
            "repeat_notification_duration": null,
            "resolution": "1m",
            "resource_group": null,
            "rule_name": "base",
            "severity": "WARNING",
            "state": "ACTIVE",
            "suppression": [],
            "time_created": "2026-08-02 15:03:35.882 +0000 UTC",
            "time_updated": "2026-08-02 15:03:35.882 +0000 UTC",
            "timeouts": null
          },
          "sensitive_attributes": [],
          "private": "eyJlMmJmYjczMC1lY2FhLTExZTYtOGY4OC0zNDM2M2JjN2M0YzAiOnsiY3JlYXRlIjoxMjAwMDAwMDAwMDAwLCJkZWxldGUiOjEyMDAwMDAwMDAwMDAsInVwZGF0ZSI6MTIwMDAwMDAwMDAwMH19",
          "dependencies": [
            "module.monitoring.oci_ons_notification_topic.alerts"
          ]
        }
      ]
    },
    {
      "module": "module.monitoring",
      "mode": "managed",
      "type": "oci_monitoring_alarm",
      "name": "high_memory",
      "provider": "provider[\"registry.terraform.io/oracle/oci\"]",
      "instances": [
        {
          "schema_version": 0,
          "attributes": {
            "alarm_summary": null,
            "body": null,
            "compartment_id": "ocid1.tenancy.oc1..aaaaaaaadbps5hckvhfkz5nvdamrerst76qidcdzbvxxrqm4rztrwnwhosca",
            "defined_tags": {
              "Oracle-Tags.CreatedBy": "default/hershrana@yahoo.com",
              "Oracle-Tags.CreatedOn": "2026-08-02T15:03:35.550Z"
            },
            "destinations": [
              "ocid1.onstopic.oc1.ap-mumbai-1.amaaaaaakxqwueaavviixez5ztq3abwlnitok7ttrxqw6nkzjzqnh7qnfvoq"
            ],
            "display_name": "rp-app-high-memory",
            "evaluation_slack_duration": "PT3M",
            "freeform_tags": {},
            "id": "ocid1.alarm.oc1.ap-mumbai-1.amaaaaaakxqwueaaxyxfoshvabux43ywdo4cjcv7vejws2ybg6ng2cp4tlda",
            "is_enabled": true,
            "is_notifications_per_metric_dimension_enabled": false,
            "message_format": "ONS_OPTIMIZED",
            "metric_compartment_id": "ocid1.tenancy.oc1..aaaaaaaadbps5hckvhfkz5nvdamrerst76qidcdzbvxxrqm4rztrwnwhosca",
            "metric_compartment_id_in_subtree": false,
            "namespace": "oci_computeagent",
            "notification_title": "rp-app-high-memory",
            "notification_version": "1.X",
            "overrides": [],
            "pending_duration": "PT5M",
            "query": "MemoryUtilization[5m].mean() \u003e 85",
            "repeat_notification_duration": null,
            "resolution": "1m",
            "resource_group": null,
            "rule_name": "base",
            "severity": "WARNING",
            "state": "ACTIVE",
            "suppression": [],
            "time_created": "2026-08-02 15:03:35.94 +0000 UTC",
            "time_updated": "2026-08-02 15:03:35.94 +0000 UTC",
            "timeouts": null
          },
          "sensitive_attributes": [],
          "private": "eyJlMmJmYjczMC1lY2FhLTExZTYtOGY4OC0zNDM2M2JjN2M0YzAiOnsiY3JlYXRlIjoxMjAwMDAwMDAwMDAwLCJkZWxldGUiOjEyMDAwMDAwMDAwMDAsInVwZGF0ZSI6MTIwMDAwMDAwMDAwMH19",
          "dependencies": [
            "module.monitoring.oci_ons_notification_topic.alerts"
          ]
        }
      ]
    },
    {
      "module": "module.monitoring",
      "mode": "managed",
      "type": "oci_ons_notification_topic",
      "name": "alerts",
      "provider": "provider[\"registry.terraform.io/oracle/oci\"]",
      "instances": [
        {
          "schema_version": 0,
          "attributes": {
            "api_endpoint": "https://cell1.notification.ap-mumbai-1.oci.oraclecloud.com",
            "compartment_id": "ocid1.tenancy.oc1..aaaaaaaadbps5hckvhfkz5nvdamrerst76qidcdzbvxxrqm4rztrwnwhosca",
            "defined_tags": {
              "Oracle-Tags.CreatedBy": "default/hershrana@yahoo.com",
              "Oracle-Tags.CreatedOn": "2026-08-02T15:03:34.911Z"
            },
            "description": "Alert notifications for rp-app",
            "etag": "1ba3a2c8",
            "freeform_tags": {},
            "id": "ocid1.onstopic.oc1.ap-mumbai-1.amaaaaaakxqwueaavviixez5ztq3abwlnitok7ttrxqw6nkzjzqnh7qnfvoq",
            "name": "rp-app-alerts",
            "short_topic_id": null,
            "state": "ACTIVE",
            "time_created": "2026-08-02 15:03:35.007 +0000 UTC",
            "timeouts": null,
            "topic_id": "ocid1.onstopic.oc1.ap-mumbai-1.amaaaaaakxqwueaavviixez5ztq3abwlnitok7ttrxqw6nkzjzqnh7qnfvoq"
          },
          "sensitive_attributes": [],
          "private": "eyJlMmJmYjczMC1lY2FhLTExZTYtOGY4OC0zNDM2M2JjN2M0YzAiOnsiY3JlYXRlIjo5MDAwMDAwMDAwMDAsImRlbGV0ZSI6OTAwMDAwMDAwMDAwMCwidXBkYXRlIjo5MDAwMDAwMDAwMDB9fQ=="
        }
      ]
    },
    {
      "module": "module.mysql",
      "mode": "managed",
      "type": "oci_mysql_mysql_db_system",
      "name": "main",
      "provider": "provider[\"registry.terraform.io/oracle/oci\"]",
      "instances": [
        {
          "schema_version": 0,
          "attributes": {
            "access_mode": "UNRESTRICTED",
            "admin_password": "mySQL@root123",
            "admin_username": "admin",
            "availability_domain": "PaSV:AP-MUMBAI-1-AD-1",
            "backup_policy": [
              {
                "copy_policies": [],
                "defined_tags": {},
                "freeform_tags": {},
                "is_enabled": true,
                "pitr_policy": [
                  {
                    "is_enabled": false
                  }
                ],
                "retention_in_days": 1,
                "soft_delete": "DISABLED",
                "window_start_time": "08:21"
              }
            ],
            "channels": [],
            "compartment_id": "ocid1.tenancy.oc1..aaaaaaaadbps5hckvhfkz5nvdamrerst76qidcdzbvxxrqm4rztrwnwhosca",
            "configuration_id": "ocid1.mysqlconfiguration.oc1..aaaaaaaa5a33g5cxy33cwd2egvmmyhnx5lsf5frueox3mgrnfqabdqdwio7a",
            "crash_recovery": "ENABLED",
            "current_placement": [
              {
                "availability_domain": "PaSV:AP-MUMBAI-1-AD-1",
                "fault_domain": "FAULT-DOMAIN-1"
              }
            ],
            "customer_contacts": [],
            "data_storage": [
              {
                "allocated_storage_size_in_gbs": 50,
                "data_storage_size_in_gb": 50,
                "data_storage_size_limit_in_gbs": 32768,
                "is_auto_expand_storage_enabled": false,
                "max_storage_size_in_gbs": 0
              }
            ],
            "data_storage_size_in_gb": 50,
            "database_console": [],
            "database_management": "DISABLED",
            "database_mode": "READ_WRITE",
            "defined_tags": {
              "Oracle-Tags.CreatedBy": "default/hershrana@yahoo.com",
              "Oracle-Tags.CreatedOn": "2026-08-02T16:15:37.043Z"
            },
            "deletion_policy": [
              {
                "automatic_backup_retention": "RETAIN",
                "final_backup": "SKIP_FINAL_BACKUP",
                "is_delete_protected": false
              }
            ],
            "description": "MySQL HeatWave Free instance for rp-app",
            "display_name": "rp-app-mysql",
            "encrypt_data": [
              {
                "key_generation_type": "SYSTEM",
                "key_id": ""
              }
            ],
            "endpoints": [
              {
                "hostname": "rpapp.private.rpapp.oraclevcn.com",
                "ip_address": "10.0.2.16",
                "ip_address_version": "IPV4",
                "modes": [
                  "READ",
                  "WRITE"
                ],
                "port": 3306,
                "port_x": 33060,
                "resource_id": "ocid1.mysqldbsystem.oc1.ap-mumbai-1.aaaaaaaawdjwl3nazbcsaogjzbumasrbetediyivpxd652y6r7cww3zbbsuq",
                "resource_type": "DBSYSTEM",
                "status": "ACTIVE",
                "status_details": ""
              }
            ],
            "fault_domain": "FAULT-DOMAIN-1",
            "freeform_tags": {
              "Environment": "prod",
              "ManagedBy": "Terraform",
              "Project": "rp-app"
            },
            "heat_wave_cluster": [],
            "hostname_label": "rpapp",
            "id": "ocid1.mysqldbsystem.oc1.ap-mumbai-1.aaaaaaaawdjwl3nazbcsaogjzbumasrbetediyivpxd652y6r7cww3zbbsuq",
            "ip_address": "10.0.2.16",
            "ipv6address_ipv6subnet_cidr_pair_details": [],
            "is_heat_wave_cluster_attached": false,
            "is_highly_available": false,
            "is_ipv6enabled": false,
            "lifecycle_details": "",
            "maintenance": [
              {
                "maintenance_disabled_windows": [],
                "maintenance_schedule_type": "REGULAR",
                "target_version": "26.7.0",
                "time_scheduled": "2026-08-03 21:50:00 +0000 UTC",
                "version_preference": "OLDEST",
                "version_track_preference": "FOLLOW",
                "window_start_time": "MONDAY 21:50"
              }
            ],
            "mysql_version": "26.7.0",
            "nsg_ids": [],
            "point_in_time_recovery_details": [],
            "port": 3306,
            "port_x": 33060,
            "read_endpoint": [
              {
                "exclude_ips": [],
                "is_enabled": false,
                "read_endpoint_hostname_label": "",
                "read_endpoint_ip_address": "",
                "read_endpoint_ipv6address_ipv6subnet_cidr_pair_details": []
              }
            ],
            "rest": [],
            "secure_connections": [
              {
                "certificate_generation_type": "SYSTEM",
                "certificate_id": ""
              }
            ],
            "security_attributes": {},
            "shape_name": "MySQL.Free",
            "shutdown_type": null,
            "source": [
              {
                "backup_id": "",
                "channel": [],
                "db_system_id": "",
                "recovery_point": "",
                "region": "",
                "source_type": "NONE",
                "source_url": ""
              }
            ],
            "state": "ACTIVE",
            "subnet_id": "ocid1.subnet.oc1.ap-mumbai-1.aaaaaaaaewcs3vzrlk4yjxqkaldiw3em4cty2is73apkkzrjzwhireuow6vq",
            "system_tags": {
              "orcl-cloud.free-tier-retained": "true"
            },
            "telemetry_configuration": [],
            "time_created": "2026-08-02 16:15:37.596 +0000 UTC",
            "time_updated": "2026-08-02 16:36:31.469 +0000 UTC",
            "timeouts": null
          },
          "sensitive_attributes": [
            [
              {
                "type": "get_attr",
                "value": "admin_password"
              }
            ]
          ],
          "private": "eyJlMmJmYjczMC1lY2FhLTExZTYtOGY4OC0zNDM2M2JjN2M0YzAiOnsiY3JlYXRlIjozNjAwMDAwMDAwMDAwLCJkZWxldGUiOjM2MDAwMDAwMDAwMDAsInVwZGF0ZSI6MzYwMDAwMDAwMDAwMH19",
          "dependencies": [
            "module.common.data.oci_identity_availability_domains.ads",
            "module.network.oci_core_route_table.private",
            "module.network.oci_core_security_list.private",
            "module.network.oci_core_subnet.private",
            "module.network.oci_core_vcn.main"
          ]
        }
      ]
    },
    {
      "module": "module.network",
      "mode": "managed",
      "type": "oci_core_internet_gateway",
      "name": "igw",
      "provider": "provider[\"registry.terraform.io/oracle/oci\"]",
      "instances": [
        {
          "schema_version": 0,
          "attributes": {
            "compartment_id": "ocid1.tenancy.oc1..aaaaaaaadbps5hckvhfkz5nvdamrerst76qidcdzbvxxrqm4rztrwnwhosca",
            "defined_tags": {
              "Oracle-Tags.CreatedBy": "default/hershrana@yahoo.com",
              "Oracle-Tags.CreatedOn": "2026-08-02T16:11:28.181Z"
            },
            "display_name": "rp-app-igw",
            "enabled": true,
            "freeform_tags": {},
            "id": "ocid1.internetgateway.oc1.ap-mumbai-1.aaaaaaaapbkqiivvfxgagaymlqtflzcqetmmmakff4wgvafvedjkvsyhlpqa",
            "route_table_id": null,
            "state": "AVAILABLE",
            "time_created": "2026-08-02 16:11:28.228 +0000 UTC",
            "timeouts": null,
            "vcn_id": "ocid1.vcn.oc1.ap-mumbai-1.amaaaaaakxqwueaap2yipljusxx2oiy6tksw4l55ypzcgvstivwrjamiddga"
          },
          "sensitive_attributes": [],
          "private": "eyJlMmJmYjczMC1lY2FhLTExZTYtOGY4OC0zNDM2M2JjN2M0YzAiOnsiY3JlYXRlIjoxMjAwMDAwMDAwMDAwLCJkZWxldGUiOjEyMDAwMDAwMDAwMDAsInVwZGF0ZSI6MTIwMDAwMDAwMDAwMH19",
          "dependencies": [
            "module.network.oci_core_vcn.main"
          ]
        }
      ]
    },
    {
      "module": "module.network",
      "mode": "managed",
      "type": "oci_core_route_table",
      "name": "private",
      "provider": "provider[\"registry.terraform.io/oracle/oci\"]",
      "instances": [
        {
          "schema_version": 0,
          "attributes": {
            "compartment_id": "ocid1.tenancy.oc1..aaaaaaaadbps5hckvhfkz5nvdamrerst76qidcdzbvxxrqm4rztrwnwhosca",
            "defined_tags": {
              "Oracle-Tags.CreatedBy": "default/hershrana@yahoo.com",
              "Oracle-Tags.CreatedOn": "2026-08-02T16:13:11.823Z"
            },
            "display_name": "rp-app-private-rt",
            "freeform_tags": {},
            "id": "ocid1.routetable.oc1.ap-mumbai-1.aaaaaaaaxfhymqkprkb7i5vvpqvzqdkdp7x7osg2hco43h6lova4znnbv6ra",
            "route_rules": [],
            "state": "AVAILABLE",
            "time_created": "2026-08-02 16:13:11.834 +0000 UTC",
            "timeouts": null,
            "vcn_id": "ocid1.vcn.oc1.ap-mumbai-1.amaaaaaakxqwueaap2yipljusxx2oiy6tksw4l55ypzcgvstivwrjamiddga"
          },
          "sensitive_attributes": [],
          "private": "eyJlMmJmYjczMC1lY2FhLTExZTYtOGY4OC0zNDM2M2JjN2M0YzAiOnsiY3JlYXRlIjoxMjAwMDAwMDAwMDAwLCJkZWxldGUiOjEyMDAwMDAwMDAwMDAsInVwZGF0ZSI6MTIwMDAwMDAwMDAwMH19",
          "dependencies": [
            "module.network.oci_core_vcn.main"
          ]
        }
      ]
    },
    {
      "module": "module.network",
      "mode": "managed",
      "type": "oci_core_route_table",
      "name": "public",
      "provider": "provider[\"registry.terraform.io/oracle/oci\"]",
      "instances": [
        {
          "schema_version": 0,
          "attributes": {
            "compartment_id": "ocid1.tenancy.oc1..aaaaaaaadbps5hckvhfkz5nvdamrerst76qidcdzbvxxrqm4rztrwnwhosca",
            "defined_tags": {
              "Oracle-Tags.CreatedBy": "default/hershrana@yahoo.com",
              "Oracle-Tags.CreatedOn": "2026-08-02T16:11:28.782Z"
            },
            "display_name": "rp-app-public-rt",
            "freeform_tags": {},
            "id": "ocid1.routetable.oc1.ap-mumbai-1.aaaaaaaaqhxsh6wdm4vooc7qnlspjbj4xpy2rtricqx5q25xrsquqr7wpu3a",
            "route_rules": [
              {
                "cidr_block": "",
                "description": "",
                "destination": "0.0.0.0/0",
                "destination_type": "CIDR_BLOCK",
                "network_entity_id": "ocid1.internetgateway.oc1.ap-mumbai-1.aaaaaaaapbkqiivvfxgagaymlqtflzcqetmmmakff4wgvafvedjkvsyhlpqa",
                "route_type": "STATIC"
              }
            ],
            "state": "AVAILABLE",
            "time_created": "2026-08-02 16:11:28.8 +0000 UTC",
            "timeouts": null,
            "vcn_id": "ocid1.vcn.oc1.ap-mumbai-1.amaaaaaakxqwueaap2yipljusxx2oiy6tksw4l55ypzcgvstivwrjamiddga"
          },
          "sensitive_attributes": [],
          "private": "eyJlMmJmYjczMC1lY2FhLTExZTYtOGY4OC0zNDM2M2JjN2M0YzAiOnsiY3JlYXRlIjoxMjAwMDAwMDAwMDAwLCJkZWxldGUiOjEyMDAwMDAwMDAwMDAsInVwZGF0ZSI6MTIwMDAwMDAwMDAwMH19",
          "dependencies": [
            "module.network.oci_core_internet_gateway.igw",
            "module.network.oci_core_vcn.main"
          ]
        }
      ]
    },
    {
      "module": "module.network",
      "mode": "managed",
      "type": "oci_core_security_list",
      "name": "private",
      "provider": "provider[\"registry.terraform.io/oracle/oci\"]",
      "instances": [
        {
          "schema_version": 0,
          "attributes": {
            "compartment_id": "ocid1.tenancy.oc1..aaaaaaaadbps5hckvhfkz5nvdamrerst76qidcdzbvxxrqm4rztrwnwhosca",
            "defined_tags": {
              "Oracle-Tags.CreatedBy": "default/hershrana@yahoo.com",
              "Oracle-Tags.CreatedOn": "2026-08-02T16:11:28.116Z"
            },
            "display_name": "rp-app-private-sl",
            "egress_security_rules": [
              {
                "description": "",
                "destination": "0.0.0.0/0",
                "destination_type": "CIDR_BLOCK",
                "icmp_options": [],
                "protocol": "all",
                "stateless": false,
                "tcp_options": [],
                "udp_options": []
              }
            ],
            "freeform_tags": {},
            "id": "ocid1.securitylist.oc1.ap-mumbai-1.aaaaaaaae3maric4un6426g6touo4sbhjjmoakr2dvoboapuskkc7tkbbgva",
            "ingress_security_rules": [
              {
                "description": "",
                "icmp_options": [],
                "protocol": "6",
                "source": "10.0.1.0/24",
                "source_type": "CIDR_BLOCK",
                "stateless": false,
                "tcp_options": [
                  {
                    "max": 33060,
                    "min": 33060,
                    "source_port_range": []
                  }
                ],
                "udp_options": []
              },
              {
                "description": "",
                "icmp_options": [],
                "protocol": "6",
                "source": "10.0.1.0/24",
                "source_type": "CIDR_BLOCK",
                "stateless": false,
                "tcp_options": [
                  {
                    "max": 3306,
                    "min": 3306,
                    "source_port_range": []
                  }
                ],
                "udp_options": []
              }
            ],
            "state": "AVAILABLE",
            "time_created": "2026-08-02 16:11:28.142 +0000 UTC",
            "timeouts": null,
            "vcn_id": "ocid1.vcn.oc1.ap-mumbai-1.amaaaaaakxqwueaap2yipljusxx2oiy6tksw4l55ypzcgvstivwrjamiddga"
          },
          "sensitive_attributes": [],
          "private": "eyJlMmJmYjczMC1lY2FhLTExZTYtOGY4OC0zNDM2M2JjN2M0YzAiOnsiY3JlYXRlIjoxMjAwMDAwMDAwMDAwLCJkZWxldGUiOjEyMDAwMDAwMDAwMDAsInVwZGF0ZSI6MTIwMDAwMDAwMDAwMH19",
          "dependencies": [
            "module.network.oci_core_vcn.main"
          ]
        }
      ]
    },
    {
      "module": "module.network",
      "mode": "managed",
      "type": "oci_core_subnet",
      "name": "private",
      "provider": "provider[\"registry.terraform.io/oracle/oci\"]",
      "instances": [
        {
          "schema_version": 0,
          "attributes": {
            "availability_domain": null,
            "cidr_block": "10.0.2.0/24",
            "compartment_id": "ocid1.tenancy.oc1..aaaaaaaadbps5hckvhfkz5nvdamrerst76qidcdzbvxxrqm4rztrwnwhosca",
            "defined_tags": {
              "Oracle-Tags.CreatedBy": "default/hershrana@yahoo.com",
              "Oracle-Tags.CreatedOn": "2026-08-02T16:13:12.196Z"
            },
            "dhcp_options_id": "ocid1.dhcpoptions.oc1.ap-mumbai-1.aaaaaaaaizw2sgxpewdgn7pkgooymn3ec57soy2zh53bye5qt5wtjgx3atda",
            "display_name": "rp-app-private-subnet",
            "dns_label": "private",
            "freeform_tags": {},
            "id": "ocid1.subnet.oc1.ap-mumbai-1.aaaaaaaaewcs3vzrlk4yjxqkaldiw3em4cty2is73apkkzrjzwhireuow6vq",
            "ipv4cidr_blocks": [
              "10.0.2.0/24"
            ],
            "ipv6cidr_block": null,
            "ipv6cidr_blocks": [],
            "ipv6virtual_router_ip": null,
            "prohibit_internet_ingress": true,
            "prohibit_public_ip_on_vnic": true,
            "route_table_id": "ocid1.routetable.oc1.ap-mumbai-1.aaaaaaaaxfhymqkprkb7i5vvpqvzqdkdp7x7osg2hco43h6lova4znnbv6ra",
            "security_list_ids": [
              "ocid1.securitylist.oc1.ap-mumbai-1.aaaaaaaae3maric4un6426g6touo4sbhjjmoakr2dvoboapuskkc7tkbbgva"
            ],
            "state": "AVAILABLE",
            "subnet_domain_name": "private.rpapp.oraclevcn.com",
            "time_created": "2026-08-02 16:13:12.263 +0000 UTC",
            "timeouts": null,
            "vcn_id": "ocid1.vcn.oc1.ap-mumbai-1.amaaaaaakxqwueaap2yipljusxx2oiy6tksw4l55ypzcgvstivwrjamiddga",
            "virtual_router_ip": "10.0.2.1",
            "virtual_router_mac": "00:00:17:E0:B8:54"
          },
          "sensitive_attributes": [],
          "private": "eyJlMmJmYjczMC1lY2FhLTExZTYtOGY4OC0zNDM2M2JjN2M0YzAiOnsiY3JlYXRlIjoxMjAwMDAwMDAwMDAwLCJkZWxldGUiOjEyMDAwMDAwMDAwMDAsInVwZGF0ZSI6MTIwMDAwMDAwMDAwMH19",
          "dependencies": [
            "module.network.oci_core_route_table.private",
            "module.network.oci_core_security_list.private",
            "module.network.oci_core_vcn.main"
          ]
        }
      ]
    },
    {
      "module": "module.network",
      "mode": "managed",
      "type": "oci_core_subnet",
      "name": "public",
      "provider": "provider[\"registry.terraform.io/oracle/oci\"]",
      "instances": [
        {
          "schema_version": 0,
          "attributes": {
            "availability_domain": null,
            "cidr_block": "10.0.1.0/24",
            "compartment_id": "ocid1.tenancy.oc1..aaaaaaaadbps5hckvhfkz5nvdamrerst76qidcdzbvxxrqm4rztrwnwhosca",
            "defined_tags": {
              "Oracle-Tags.CreatedBy": "default/hershrana@yahoo.com",
              "Oracle-Tags.CreatedOn": "2026-08-02T16:11:29.532Z"
            },
            "dhcp_options_id": "ocid1.dhcpoptions.oc1.ap-mumbai-1.aaaaaaaaizw2sgxpewdgn7pkgooymn3ec57soy2zh53bye5qt5wtjgx3atda",
            "display_name": "rp-app-public-subnet",
            "dns_label": "public",
            "freeform_tags": {},
            "id": "ocid1.subnet.oc1.ap-mumbai-1.aaaaaaaa4n3xfjzkh7vpqexwhvkqfmtjyokh7qwagms73xombal5dddyyioq",
            "ipv4cidr_blocks": [
              "10.0.1.0/24"
            ],
            "ipv6cidr_block": null,
            "ipv6cidr_blocks": [],
            "ipv6virtual_router_ip": null,
            "prohibit_internet_ingress": false,
            "prohibit_public_ip_on_vnic": false,
            "route_table_id": "ocid1.routetable.oc1.ap-mumbai-1.aaaaaaaaqhxsh6wdm4vooc7qnlspjbj4xpy2rtricqx5q25xrsquqr7wpu3a",
            "security_list_ids": [
              "ocid1.securitylist.oc1.ap-mumbai-1.aaaaaaaapkj7fjao4hrnk2wyiqgtth6silcviv2bgojipc52jz2xvfqliahq"
            ],
            "state": "AVAILABLE",
            "subnet_domain_name": "public.rpapp.oraclevcn.com",
            "time_created": "2026-08-02 16:11:29.574 +0000 UTC",
            "timeouts": null,
            "vcn_id": "ocid1.vcn.oc1.ap-mumbai-1.amaaaaaakxqwueaap2yipljusxx2oiy6tksw4l55ypzcgvstivwrjamiddga",
            "virtual_router_ip": "10.0.1.1",
            "virtual_router_mac": "00:00:17:E0:B8:54"
          },
          "sensitive_attributes": [],
          "private": "eyJlMmJmYjczMC1lY2FhLTExZTYtOGY4OC0zNDM2M2JjN2M0YzAiOnsiY3JlYXRlIjoxMjAwMDAwMDAwMDAwLCJkZWxldGUiOjEyMDAwMDAwMDAwMDAsInVwZGF0ZSI6MTIwMDAwMDAwMDAwMH19",
          "dependencies": [
            "module.network.oci_core_internet_gateway.igw",
            "module.network.oci_core_route_table.public",
            "module.network.oci_core_vcn.main"
          ]
        }
      ]
    },
    {
      "module": "module.network",
      "mode": "managed",
      "type": "oci_core_vcn",
      "name": "main",
      "provider": "provider[\"registry.terraform.io/oracle/oci\"]",
      "instances": [
        {
          "schema_version": 0,
          "attributes": {
            "byoipv6cidr_blocks": [],
            "byoipv6cidr_details": [],
            "cidr_block": "10.0.0.0/16",
            "cidr_blocks": [
              "10.0.0.0/16"
            ],
            "compartment_id": "ocid1.tenancy.oc1..aaaaaaaadbps5hckvhfkz5nvdamrerst76qidcdzbvxxrqm4rztrwnwhosca",
            "default_dhcp_options_id": "ocid1.dhcpoptions.oc1.ap-mumbai-1.aaaaaaaaizw2sgxpewdgn7pkgooymn3ec57soy2zh53bye5qt5wtjgx3atda",
            "default_route_table_id": "ocid1.routetable.oc1.ap-mumbai-1.aaaaaaaa2ntia3veocjmrp4saiq4gaw6woinawns5ygdsjvlrlkg223aje2q",
            "default_security_list_id": "ocid1.securitylist.oc1.ap-mumbai-1.aaaaaaaapkj7fjao4hrnk2wyiqgtth6silcviv2bgojipc52jz2xvfqliahq",
            "defined_tags": {
              "Oracle-Tags.CreatedBy": "default/hershrana@yahoo.com",
              "Oracle-Tags.CreatedOn": "2026-08-02T16:11:27.354Z"
            },
            "display_name": "rp-app-vcn",
            "dns_label": "rpapp",
            "freeform_tags": {
              "Environment": "prod",
              "ManagedBy": "Terraform",
              "Project": "rp-app"
            },
            "id": "ocid1.vcn.oc1.ap-mumbai-1.amaaaaaakxqwueaap2yipljusxx2oiy6tksw4l55ypzcgvstivwrjamiddga",
            "ipv6cidr_blocks": [],
            "ipv6private_cidr_blocks": [],
            "is_ipv6enabled": false,
            "is_oracle_gua_allocation_enabled": null,
            "security_attributes": {},
            "state": "AVAILABLE",
            "time_created": "2026-08-02 16:11:27.404 +0000 UTC",
            "timeouts": null,
            "vcn_domain_name": "rpapp.oraclevcn.com"
          },
          "sensitive_attributes": [],
          "private": "eyJlMmJmYjczMC1lY2FhLTExZTYtOGY4OC0zNDM2M2JjN2M0YzAiOnsiY3JlYXRlIjoxMjAwMDAwMDAwMDAwLCJkZWxldGUiOjEyMDAwMDAwMDAwMDAsInVwZGF0ZSI6MTIwMDAwMDAwMDAwMH19"
        }
      ]
    },
    {
      "module": "module.nginx",
      "mode": "data",
      "type": "oci_core_images",
      "name": "oracle_linux_nginx",
      "provider": "provider[\"registry.terraform.io/oracle/oci\"]",
      "instances": [
        {
          "schema_version": 0,
          "attributes": {
            "compartment_id": "ocid1.tenancy.oc1..aaaaaaaadbps5hckvhfkz5nvdamrerst76qidcdzbvxxrqm4rztrwnwhosca",
            "display_name": null,
            "filter": null,
            "id": "CoreImagesDataSource-1491367518",
            "images": [
              {
                "agent_features": [],
                "base_image_id": "",
                "billable_size_in_gbs": "5",
                "compartment_id": "",
                "create_image_allowed": true,
                "defined_tags": {},
                "display_name": "Oracle-Linux-9.8-2026.07.20-0",
                "freeform_tags": {},
                "id": "ocid1.image.oc1.ap-mumbai-1.aaaaaaaaahwwkdwwfb5gkrbooxatfsbxtbnfj5db6ps3bbikcjjbhagukanq",
                "image_source_details": [],
                "instance_id": "",
                "launch_mode": "NATIVE",
                "launch_options": [
                  {
                    "boot_volume_type": "PARAVIRTUALIZED",
                    "firmware": "UEFI_64",
                    "is_consistent_volume_naming_enabled": true,
                    "is_pv_encryption_in_transit_enabled": true,
                    "network_type": "PARAVIRTUALIZED",
                    "remote_data_volume_type": "PARAVIRTUALIZED"
                  }
                ],
                "listing_type": "",
                "operating_system": "Oracle Linux",
                "operating_system_version": "9",
                "size_in_mbs": "47719",
                "state": "AVAILABLE",
                "time_created": "2026-07-21 20:20:00.9 +0000 UTC"
              },
              {
                "agent_features": [],
                "base_image_id": "",
                "billable_size_in_gbs": "6",
                "compartment_id": "",
                "create_image_allowed": true,
                "defined_tags": {},
                "display_name": "Oracle-Linux-9.7-2026.06.15-1",
                "freeform_tags": {},
                "id": "ocid1.image.oc1.ap-mumbai-1.aaaaaaaav32gkitf6mql24b4wm7oqgnzskclcrutwb6p7osy5ygrylmsp3iq",
                "image_source_details": [],
                "instance_id": "",
                "launch_mode": "NATIVE",
                "launch_options": [
                  {
                    "boot_volume_type": "PARAVIRTUALIZED",
                    "firmware": "UEFI_64",
                    "is_consistent_volume_naming_enabled": true,
                    "is_pv_encryption_in_transit_enabled": true,
                    "network_type": "PARAVIRTUALIZED",
                    "remote_data_volume_type": "PARAVIRTUALIZED"
                  }
                ],
                "listing_type": "",
                "operating_system": "Oracle Linux",
                "operating_system_version": "9",
                "size_in_mbs": "47719",
                "state": "AVAILABLE",
                "time_created": "2026-07-06 05:17:26.08 +0000 UTC"
              },
              {
                "agent_features": [],
                "base_image_id": "",
                "billable_size_in_gbs": "6",
                "compartment_id": "",
                "create_image_allowed": true,
                "defined_tags": {},
                "display_name": "Oracle-Linux-9.7-2026.06.15-0",
                "freeform_tags": {},
                "id": "ocid1.image.oc1.ap-mumbai-1.aaaaaaaamoejedbzc6tq4c4uqsfpqu2nz3nkfddgr3efy6wasx3swk5oorsq",
                "image_source_details": [],
                "instance_id": "",
                "launch_mode": "NATIVE",
                "launch_options": [
                  {
                    "boot_volume_type": "PARAVIRTUALIZED",
                    "firmware": "UEFI_64",
                    "is_consistent_volume_naming_enabled": true,
                    "is_pv_encryption_in_transit_enabled": true,
                    "network_type": "PARAVIRTUALIZED",
                    "remote_data_volume_type": "PARAVIRTUALIZED"
                  }
                ],
                "listing_type": "",
                "operating_system": "Oracle Linux",
                "operating_system_version": "9",
                "size_in_mbs": "47719",
                "state": "AVAILABLE",
                "time_created": "2026-06-18 04:50:51.677 +0000 UTC"
              }
            ],
            "operating_system": "Oracle Linux",
            "operating_system_version": "9",
            "shape": "VM.Standard.E2.1.Micro",
            "sort_by": "TIMECREATED",
            "sort_order": "DESC",
            "state": null
          },
          "sensitive_attributes": []
        }
      ]
    },
    {
      "module": "module.nginx",
      "mode": "managed",
      "type": "oci_core_instance",
      "name": "nginx",
      "provider": "provider[\"registry.terraform.io/oracle/oci\"]",
      "instances": [
        {
          "schema_version": 0,
          "attributes": {
            "agent_config": [
              {
                "are_all_plugins_disabled": false,
                "is_management_disabled": false,
                "is_monitoring_disabled": false,
                "plugins_config": []
              }
            ],
            "async": null,
            "availability_config": [
              {
                "is_live_migration_preferred": false,
                "recovery_action": "RESTORE_INSTANCE"
              }
            ],
            "availability_domain": "PaSV:AP-MUMBAI-1-AD-1",
            "boot_volume_id": "ocid1.bootvolume.oc1.ap-mumbai-1.abrg6ljrfzvmpivipxsi4elze46lcm36dvicy6yvqnbysi6suff3j3zqaw5a",
            "capacity_reservation_id": null,
            "cluster_placement_group_id": null,
            "compartment_id": "ocid1.tenancy.oc1..aaaaaaaadbps5hckvhfkz5nvdamrerst76qidcdzbvxxrqm4rztrwnwhosca",
            "compute_cluster_id": null,
            "create_vnic_details": [
              {
                "assign_ipv6ip": false,
                "assign_private_dns_record": false,
                "assign_public_ip": "true",
                "defined_tags": {
                  "Oracle-Tags.CreatedBy": "default/hershrana@yahoo.com",
                  "Oracle-Tags.CreatedOn": "2026-08-02T16:45:11.220Z"
                },
                "display_name": "rp-app-nginx-vnic",
                "freeform_tags": {
                  "Environment": "prod",
                  "ManagedBy": "Terraform",
                  "Project": "rp-app"
                },
                "hostname_label": "rp-app-nginx-vnic",
                "ipv6address_ipv6subnet_cidr_pair_details": [],
                "nsg_ids": [
                  "ocid1.networksecuritygroup.oc1.ap-mumbai-1.aaaaaaaatb6c2miignh26ft4b367rmpwhhj2z62sjbectrx3xrug72sgi4ba"
                ],
                "private_ip": "10.0.1.241",
                "private_ip_id": "",
                "security_attributes": {},
                "skip_source_dest_check": false,
                "subnet_cidr": "",
                "subnet_id": "ocid1.subnet.oc1.ap-mumbai-1.aaaaaaaa4n3xfjzkh7vpqexwhvkqfmtjyokh7qwagms73xombal5dddyyioq",
                "vlan_id": ""
              }
            ],
            "dedicated_vm_host_id": null,
            "defined_tags": {
              "Oracle-Tags.CreatedBy": "default/hershrana@yahoo.com",
              "Oracle-Tags.CreatedOn": "2026-08-02T16:45:11.069Z"
            },
            "display_name": "rp-app-nginx",
            "extended_metadata": {},
            "fault_domain": "FAULT-DOMAIN-1",
            "freeform_tags": {
              "Environment": "prod",
              "ManagedBy": "Terraform",
              "Project": "rp-app"
            },
            "hostname_label": "rp-app-nginx-vnic",
            "id": "ocid1.instance.oc1.ap-mumbai-1.anrg6ljrkxqwueachy6zu4decxjbdm52m5hovkpfcjfvklygh65lxk4v25eq",
            "image": "ocid1.image.oc1.ap-mumbai-1.aaaaaaaaahwwkdwwfb5gkrbooxatfsbxtbnfj5db6ps3bbikcjjbhagukanq",
            "instance_configuration_id": null,
            "instance_options": [
              {
                "are_legacy_imds_endpoints_disabled": false
              }
            ],
            "ipxe_script": null,
            "is_ai_enterprise_enabled": null,
            "is_cross_numa_node": false,
            "is_pv_encryption_in_transit_enabled": null,
            "launch_mode": "PARAVIRTUALIZED",
            "launch_options": [
              {
                "boot_volume_type": "PARAVIRTUALIZED",
                "firmware": "UEFI_64",
                "is_consistent_volume_naming_enabled": true,
                "is_pv_encryption_in_transit_enabled": false,
                "network_type": "PARAVIRTUALIZED",
                "remote_data_volume_type": "PARAVIRTUALIZED"
              }
            ],
            "launch_volume_attachments": [],
            "licensing_configs": [],
            "metadata": {
              "ssh_authorized_keys": "ssh-rsa AAAAB3NzaC1yc2EAAAADAQABAAACAQDJeM8Bi+pxScCgAmmN7AiQRIBAyQ4sAT92uSeLJnfLVbA6CnUDkE2yenoS6lWpU2BKUsRy1J/P0KIUbDzMCzAkMHy+0ZHU14lqNLNScIni6VU95vmT4boVrV5j17Hh2aVShllBKi2lgBT5A4kPjtp2bZocA6uMYSnPm7ZLDC/0+0oXVUSTo+V0MqcAOJJ+Y3dqA8zWpp0tCIUOnKiJ86VquPtYOeWRPmttkKb6GgY/wpF65cgSECZIXc5A1wPB8xAMWS5UXxvbuqx/WbHIxblscMF3sIw4DUESxRCiXaft0eukp68kC3an8RrsRoN+BPpwm6tY3sqwEtjBU4AJe0apNDKMxcn+btV31QOlJCta2AzA382b5vhQXtmcYLhdJerNsz8xPB1rwE2JDI1OKcejzLfdVPx0/eova8o0uQJ6YBdB4sAi36/LmthZTFgZ9esI5rhjy/634AB7N0bGlamGub6cnWjLQ1RpKtjN+vqWFOfB6rT15mXnJ5cOXTR3d0RLotjmGPEDtHYTuHCHaHBhaFupqvPGXpD/spT+8mgo8dbN0FKI3BsjNZ6VfGd1KHiXaLCqqCLRU4bgPM/IOu+K7uYWtKROT3XrTLx6/HLSQkFehLq/AwaUWzeNaXVcmGqIn6VWhpClYIxKm4ruPqFmMzmW3igip9+BLNHyY5B8Zw== rp-app-instances",
              "user_data": "IyEvdXNyL2Jpbi9lbnYgYmFzaA0KIyBjbG91ZC1pbml0OiBpbnN0YWxsIE5naW54IGFuZCBjb25maWd1cmUgcmV2ZXJzZSBwcm94eSB0byBTcHJpbmcgQm9vdCBiYWNrZW5kDQpzZXQgLWV1byBwaXBlZmFpbA0KDQpkbmYgdXBkYXRlIC15DQpkbmYgaW5zdGFsbCAteSBuZ2lueA0KDQpjYXQgPiAvZXRjL25naW54L2NvbmYuZC9ycC1hcHAuY29uZiA8PCdOR0lOWCcNCnVwc3RyZWFtIGJhY2tlbmQgew0KICAgIHNlcnZlciAxMC4wLjEuMTYwOjgwODA7DQogICAga2VlcGFsaXZlIDMyOw0KfQ0KDQpzZXJ2ZXIgew0KICAgIGxpc3RlbiA4MDsNCiAgICBzZXJ2ZXJfbmFtZSBfOw0KDQogICAgbG9jYXRpb24gLyB7DQogICAgICAgIHByb3h5X3Bhc3MgICAgICAgICBodHRwOi8vYmFja2VuZDsNCiAgICAgICAgcHJveHlfaHR0cF92ZXJzaW9uIDEuMTsNCiAgICAgICAgcHJveHlfc2V0X2hlYWRlciAgIEhvc3QgICAgICAgICAgICAgICRob3N0Ow0KICAgICAgICBwcm94eV9zZXRfaGVhZGVyICAgWC1SZWFsLUlQICAgICAgICAgJHJlbW90ZV9hZGRyOw0KICAgICAgICBwcm94eV9zZXRfaGVhZGVyICAgWC1Gb3J3YXJkZWQtRm9yICAgJHByb3h5X2FkZF94X2ZvcndhcmRlZF9mb3I7DQogICAgICAgIHByb3h5X3NldF9oZWFkZXIgICBYLUZvcndhcmRlZC1Qcm90byAkc2NoZW1lOw0KICAgICAgICBwcm94eV9jb25uZWN0X3RpbWVvdXQgMTBzOw0KICAgICAgICBwcm94eV9yZWFkX3RpbWVvdXQgICAgNjBzOw0KICAgIH0NCg0KICAgIGxvY2F0aW9uIC9oZWFsdGggew0KICAgICAgICBhY2Nlc3NfbG9nIG9mZjsNCiAgICAgICAgcmV0dXJuIDIwMCAiT0tcbiI7DQogICAgICAgIGFkZF9oZWFkZXIgQ29udGVudC1UeXBlIHRleHQvcGxhaW47DQogICAgfQ0KfQ0KTkdJTlgNCg0Kc3lzdGVtY3RsIGVuYWJsZSAtLW5vdyBuZ2lueA0K"
            },
            "placement_constraint_details": [],
            "platform_config": [],
            "preemptible_instance_config": [],
            "preserve_boot_volume": null,
            "preserve_data_volumes_created_at_launch": null,
            "private_ip": "10.0.1.241",
            "public_ip": "130.210.27.152",
            "region": "ap-mumbai-1",
            "security_attributes": {},
            "security_attributes_state": "STABLE",
            "shape": "VM.Standard.E2.1.Micro",
            "shape_config": [
              {
                "baseline_ocpu_utilization": "",
                "gpu_description": "",
                "gpus": 0,
                "local_disk_description": "",
                "local_disks": 0,
                "local_disks_total_size_in_gbs": 0,
                "local_volume_size_in_gbs": 0,
                "max_vnic_attachments": 1,
                "memory_in_gbs": 1,
                "networking_bandwidth_in_gbps": 0.47999998927116394,
                "nvmes": 0,
                "ocpus": 1,
                "processor_description": "2.0 GHz AMD EPYC™ 7551 (Naples)",
                "resource_management": "",
                "vcpus": 2
              }
            ],
            "source_details": [
              {
                "boot_volume_size_in_gbs": "50",
                "boot_volume_vpus_per_gb": "10",
                "instance_source_image_filter_details": [],
                "is_preserve_boot_volume_enabled": false,
                "kms_key_id": "",
                "source_id": "ocid1.image.oc1.ap-mumbai-1.aaaaaaaaahwwkdwwfb5gkrbooxatfsbxtbnfj5db6ps3bbikcjjbhagukanq",
                "source_type": "image"
              }
            ],
            "state": "RUNNING",
            "subnet_id": "ocid1.subnet.oc1.ap-mumbai-1.aaaaaaaa4n3xfjzkh7vpqexwhvkqfmtjyokh7qwagms73xombal5dddyyioq",
            "system_tags": {
              "orcl-cloud.free-tier-retained": "true"
            },
            "time_created": "2026-08-02 16:45:11.611 +0000 UTC",
            "time_maintenance_reboot_due": "",
            "timeouts": null,
            "update_operation_constraint": null
          },
          "sensitive_attributes": [],
          "private": "eyJlMmJmYjczMC1lY2FhLTExZTYtOGY4OC0zNDM2M2JjN2M0YzAiOnsiY3JlYXRlIjoyNzAwMDAwMDAwMDAwLCJkZWxldGUiOjQ1MDAwMDAwMDAwMDAsInVwZGF0ZSI6MjcwMDAwMDAwMDAwMH19",
          "dependencies": [
            "module.common.data.oci_identity_availability_domains.ads",
            "module.compute.data.oci_core_images.oracle_linux",
            "module.compute.oci_core_instance.app",
            "module.network.oci_core_internet_gateway.igw",
            "module.network.oci_core_route_table.public",
            "module.network.oci_core_subnet.public",
            "module.network.oci_core_vcn.main",
            "module.nginx.data.oci_core_images.oracle_linux_nginx",
            "module.security.oci_core_network_security_group.compute",
            "module.security.oci_core_network_security_group.nginx"
          ]
        }
      ]
    },
    {
      "module": "module.security",
      "mode": "managed",
      "type": "oci_core_network_security_group",
      "name": "compute",
      "provider": "provider[\"registry.terraform.io/oracle/oci\"]",
      "instances": [
        {
          "schema_version": 0,
          "attributes": {
            "compartment_id": "ocid1.tenancy.oc1..aaaaaaaadbps5hckvhfkz5nvdamrerst76qidcdzbvxxrqm4rztrwnwhosca",
            "defined_tags": {
              "Oracle-Tags.CreatedBy": "default/hershrana@yahoo.com",
              "Oracle-Tags.CreatedOn": "2026-08-02T16:11:28.090Z"
            },
            "display_name": "rp-app-compute-nsg",
            "freeform_tags": {},
            "id": "ocid1.networksecuritygroup.oc1.ap-mumbai-1.aaaaaaaavb663boidl7g2umodpdd4i62uyvy7dljw2o2awbmlaqh3whxalza",
            "state": "AVAILABLE",
            "time_created": "2026-08-02 16:11:28.2 +0000 UTC",
            "timeouts": null,
            "vcn_id": "ocid1.vcn.oc1.ap-mumbai-1.amaaaaaakxqwueaap2yipljusxx2oiy6tksw4l55ypzcgvstivwrjamiddga"
          },
          "sensitive_attributes": [],
          "private": "eyJlMmJmYjczMC1lY2FhLTExZTYtOGY4OC0zNDM2M2JjN2M0YzAiOnsiY3JlYXRlIjoxMjAwMDAwMDAwMDAwLCJkZWxldGUiOjEyMDAwMDAwMDAwMDAsInVwZGF0ZSI6MTIwMDAwMDAwMDAwMH19",
          "dependencies": [
            "module.network.oci_core_vcn.main"
          ]
        }
      ]
    },
    {
      "module": "module.security",
      "mode": "managed",
      "type": "oci_core_network_security_group",
      "name": "nginx",
      "provider": "provider[\"registry.terraform.io/oracle/oci\"]",
      "instances": [
        {
          "schema_version": 0,
          "attributes": {
            "compartment_id": "ocid1.tenancy.oc1..aaaaaaaadbps5hckvhfkz5nvdamrerst76qidcdzbvxxrqm4rztrwnwhosca",
            "defined_tags": {
              "Oracle-Tags.CreatedBy": "default/hershrana@yahoo.com",
              "Oracle-Tags.CreatedOn": "2026-08-02T16:11:28.101Z"
            },
            "display_name": "rp-app-nginx-nsg",
            "freeform_tags": {},
            "id": "ocid1.networksecuritygroup.oc1.ap-mumbai-1.aaaaaaaatb6c2miignh26ft4b367rmpwhhj2z62sjbectrx3xrug72sgi4ba",
            "state": "AVAILABLE",
            "time_created": "2026-08-02 16:11:28.199 +0000 UTC",
            "timeouts": null,
            "vcn_id": "ocid1.vcn.oc1.ap-mumbai-1.amaaaaaakxqwueaap2yipljusxx2oiy6tksw4l55ypzcgvstivwrjamiddga"
          },
          "sensitive_attributes": [],
          "private": "eyJlMmJmYjczMC1lY2FhLTExZTYtOGY4OC0zNDM2M2JjN2M0YzAiOnsiY3JlYXRlIjoxMjAwMDAwMDAwMDAwLCJkZWxldGUiOjEyMDAwMDAwMDAwMDAsInVwZGF0ZSI6MTIwMDAwMDAwMDAwMH19",
          "dependencies": [
            "module.network.oci_core_vcn.main"
          ]
        }
      ]
    },
    {
      "module": "module.security",
      "mode": "managed",
      "type": "oci_core_network_security_group_security_rule",
      "name": "compute_app_ingress",
      "provider": "provider[\"registry.terraform.io/oracle/oci\"]",
      "instances": [
        {
          "schema_version": 0,
          "attributes": {
            "description": null,
            "destination": null,
            "destination_type": "",
            "direction": "INGRESS",
            "icmp_options": [],
            "id": "5DD738",
            "is_valid": true,
            "network_security_group_id": "ocid1.networksecuritygroup.oc1.ap-mumbai-1.aaaaaaaavb663boidl7g2umodpdd4i62uyvy7dljw2o2awbmlaqh3whxalza",
            "protocol": "6",
            "source": "ocid1.networksecuritygroup.oc1.ap-mumbai-1.aaaaaaaatb6c2miignh26ft4b367rmpwhhj2z62sjbectrx3xrug72sgi4ba",
            "source_type": "NETWORK_SECURITY_GROUP",
            "stateless": false,
            "tcp_options": [
              {
                "destination_port_range": [
                  {
                    "max": 5857,
                    "min": 5855
                  }
                ],
                "source_port_range": []
              }
            ],
            "time_created": "2026-08-02 16:11:28.999 +0000 UTC",
            "timeouts": null,
            "udp_options": []
          },
          "sensitive_attributes": [],
          "private": "eyJlMmJmYjczMC1lY2FhLTExZTYtOGY4OC0zNDM2M2JjN2M0YzAiOnsiY3JlYXRlIjoxMjAwMDAwMDAwMDAwLCJkZWxldGUiOjEyMDAwMDAwMDAwMDAsInVwZGF0ZSI6MTIwMDAwMDAwMDAwMH19",
          "dependencies": [
            "module.network.oci_core_vcn.main",
            "module.security.oci_core_network_security_group.compute",
            "module.security.oci_core_network_security_group.nginx"
          ]
        }
      ]
    },
    {
      "module": "module.security",
      "mode": "managed",
      "type": "oci_core_network_security_group_security_rule",
      "name": "compute_egress",
      "provider": "provider[\"registry.terraform.io/oracle/oci\"]",
      "instances": [
        {
          "schema_version": 0,
          "attributes": {
            "description": null,
            "destination": "0.0.0.0/0",
            "destination_type": "CIDR_BLOCK",
            "direction": "EGRESS",
            "icmp_options": [],
            "id": "9DA283",
            "is_valid": true,
            "network_security_group_id": "ocid1.networksecuritygroup.oc1.ap-mumbai-1.aaaaaaaavb663boidl7g2umodpdd4i62uyvy7dljw2o2awbmlaqh3whxalza",
            "protocol": "all",
            "source": null,
            "source_type": "",
            "stateless": false,
            "tcp_options": [],
            "time_created": "2026-08-02 16:11:28.689 +0000 UTC",
            "timeouts": null,
            "udp_options": []
          },
          "sensitive_attributes": [],
          "private": "eyJlMmJmYjczMC1lY2FhLTExZTYtOGY4OC0zNDM2M2JjN2M0YzAiOnsiY3JlYXRlIjoxMjAwMDAwMDAwMDAwLCJkZWxldGUiOjEyMDAwMDAwMDAwMDAsInVwZGF0ZSI6MTIwMDAwMDAwMDAwMH19",
          "dependencies": [
            "module.network.oci_core_vcn.main",
            "module.security.oci_core_network_security_group.compute"
          ]
        }
      ]
    },
    {
      "module": "module.security",
      "mode": "managed",
      "type": "oci_core_network_security_group_security_rule",
      "name": "compute_ssh_ingress",
      "provider": "provider[\"registry.terraform.io/oracle/oci\"]",
      "instances": [
        {
          "index_key": "0.0.0.0/0",
          "schema_version": 0,
          "attributes": {
            "description": null,
            "destination": null,
            "destination_type": "",
            "direction": "INGRESS",
            "icmp_options": [],
            "id": "52FAD1",
            "is_valid": true,
            "network_security_group_id": "ocid1.networksecuritygroup.oc1.ap-mumbai-1.aaaaaaaavb663boidl7g2umodpdd4i62uyvy7dljw2o2awbmlaqh3whxalza",
            "protocol": "6",
            "source": "0.0.0.0/0",
            "source_type": "CIDR_BLOCK",
            "stateless": false,
            "tcp_options": [
              {
                "destination_port_range": [
                  {
                    "max": 22,
                    "min": 22
                  }
                ],
                "source_port_range": []
              }
            ],
            "time_created": "2026-08-02 16:11:28.835 +0000 UTC",
            "timeouts": null,
            "udp_options": []
          },
          "sensitive_attributes": [],
          "private": "eyJlMmJmYjczMC1lY2FhLTExZTYtOGY4OC0zNDM2M2JjN2M0YzAiOnsiY3JlYXRlIjoxMjAwMDAwMDAwMDAwLCJkZWxldGUiOjEyMDAwMDAwMDAwMDAsInVwZGF0ZSI6MTIwMDAwMDAwMDAwMH19",
          "dependencies": [
            "module.network.oci_core_vcn.main",
            "module.security.oci_core_network_security_group.compute"
          ]
        }
      ]
    },
    {
      "module": "module.security",
      "mode": "managed",
      "type": "oci_core_network_security_group_security_rule",
      "name": "nginx_egress",
      "provider": "provider[\"registry.terraform.io/oracle/oci\"]",
      "instances": [
        {
          "schema_version": 0,
          "attributes": {
            "description": null,
            "destination": "0.0.0.0/0",
            "destination_type": "CIDR_BLOCK",
            "direction": "EGRESS",
            "icmp_options": [],
            "id": "3AF20D",
            "is_valid": true,
            "network_security_group_id": "ocid1.networksecuritygroup.oc1.ap-mumbai-1.aaaaaaaatb6c2miignh26ft4b367rmpwhhj2z62sjbectrx3xrug72sgi4ba",
            "protocol": "all",
            "source": null,
            "source_type": "",
            "stateless": false,
            "tcp_options": [],
            "time_created": "2026-08-02 16:11:28.728 +0000 UTC",
            "timeouts": null,
            "udp_options": []
          },
          "sensitive_attributes": [],
          "private": "eyJlMmJmYjczMC1lY2FhLTExZTYtOGY4OC0zNDM2M2JjN2M0YzAiOnsiY3JlYXRlIjoxMjAwMDAwMDAwMDAwLCJkZWxldGUiOjEyMDAwMDAwMDAwMDAsInVwZGF0ZSI6MTIwMDAwMDAwMDAwMH19",
          "dependencies": [
            "module.network.oci_core_vcn.main",
            "module.security.oci_core_network_security_group.nginx"
          ]
        }
      ]
    },
    {
      "module": "module.security",
      "mode": "managed",
      "type": "oci_core_network_security_group_security_rule",
      "name": "nginx_http_ingress",
      "provider": "provider[\"registry.terraform.io/oracle/oci\"]",
      "instances": [
        {
          "index_key": "443",
          "schema_version": 0,
          "attributes": {
            "description": null,
            "destination": null,
            "destination_type": "",
            "direction": "INGRESS",
            "icmp_options": [],
            "id": "81535B",
            "is_valid": true,
            "network_security_group_id": "ocid1.networksecuritygroup.oc1.ap-mumbai-1.aaaaaaaatb6c2miignh26ft4b367rmpwhhj2z62sjbectrx3xrug72sgi4ba",
            "protocol": "6",
            "source": "0.0.0.0/0",
            "source_type": "CIDR_BLOCK",
            "stateless": false,
            "tcp_options": [
              {
                "destination_port_range": [
                  {
                    "max": 443,
                    "min": 443
                  }
                ],
                "source_port_range": []
              }
            ],
            "time_created": "2026-08-02 16:11:28.612 +0000 UTC",
            "timeouts": null,
            "udp_options": []
          },
          "sensitive_attributes": [],
          "private": "eyJlMmJmYjczMC1lY2FhLTExZTYtOGY4OC0zNDM2M2JjN2M0YzAiOnsiY3JlYXRlIjoxMjAwMDAwMDAwMDAwLCJkZWxldGUiOjEyMDAwMDAwMDAwMDAsInVwZGF0ZSI6MTIwMDAwMDAwMDAwMH19",
          "dependencies": [
            "module.network.oci_core_vcn.main",
            "module.security.oci_core_network_security_group.nginx"
          ]
        },
        {
          "index_key": "80",
          "schema_version": 0,
          "attributes": {
            "description": null,
            "destination": null,
            "destination_type": "",
            "direction": "INGRESS",
            "icmp_options": [],
            "id": "D57D43",
            "is_valid": true,
            "network_security_group_id": "ocid1.networksecuritygroup.oc1.ap-mumbai-1.aaaaaaaatb6c2miignh26ft4b367rmpwhhj2z62sjbectrx3xrug72sgi4ba",
            "protocol": "6",
            "source": "0.0.0.0/0",
            "source_type": "CIDR_BLOCK",
            "stateless": false,
            "tcp_options": [
              {
                "destination_port_range": [
                  {
                    "max": 80,
                    "min": 80
                  }
                ],
                "source_port_range": []
              }
            ],
            "time_created": "2026-08-02 16:11:28.875 +0000 UTC",
            "timeouts": null,
            "udp_options": []
          },
          "sensitive_attributes": [],
          "private": "eyJlMmJmYjczMC1lY2FhLTExZTYtOGY4OC0zNDM2M2JjN2M0YzAiOnsiY3JlYXRlIjoxMjAwMDAwMDAwMDAwLCJkZWxldGUiOjEyMDAwMDAwMDAwMDAsInVwZGF0ZSI6MTIwMDAwMDAwMDAwMH19",
          "dependencies": [
            "module.network.oci_core_vcn.main",
            "module.security.oci_core_network_security_group.nginx"
          ]
        }
      ]
    }
  ],
  "check_results": [
    {
      "object_kind": "check",
      "config_addr": "check.always_free_a1_budget",
      "status": "pass",
      "objects": [
        {
          "object_addr": "check.always_free_a1_budget",
          "status": "pass"
        }
      ]
    },
    {
      "object_kind": "var",
      "config_addr": "module.compute.var.boot_volume_size_in_gbs",
      "status": "pass",
      "objects": [
        {
          "object_addr": "module.compute.var.boot_volume_size_in_gbs",
          "status": "pass"
        }
      ]
    },
    {
      "object_kind": "var",
      "config_addr": "module.compute.var.ocpus",
      "status": "pass",
      "objects": [
        {
          "object_addr": "module.compute.var.ocpus",
          "status": "pass"
        }
      ]
    },
    {
      "object_kind": "var",
      "config_addr": "module.compute.var.instance_shape",
      "status": "pass",
      "objects": [
        {
          "object_addr": "module.compute.var.instance_shape",
          "status": "pass"
        }
      ]
    },
    {
      "object_kind": "var",
      "config_addr": "module.nginx.var.memory_in_gbs",
      "status": "pass",
      "objects": [
        {
          "object_addr": "module.nginx.var.memory_in_gbs",
          "status": "pass"
        }
      ]
    },
    {
      "object_kind": "var",
      "config_addr": "module.nginx.var.ocpus",
      "status": "pass",
      "objects": [
        {
          "object_addr": "module.nginx.var.ocpus",
          "status": "pass"
        }
      ]
    },
    {
      "object_kind": "var",
      "config_addr": "module.mysql.var.shape_name",
      "status": "pass",
      "objects": [
        {
          "object_addr": "module.mysql.var.shape_name",
          "status": "pass"
        }
      ]
    },
    {
      "object_kind": "var",
      "config_addr": "module.nginx.var.boot_volume_size_in_gbs",
      "status": "pass",
      "objects": [
        {
          "object_addr": "module.nginx.var.boot_volume_size_in_gbs",
          "status": "pass"
        }
      ]
    },
    {
      "object_kind": "var",
      "config_addr": "module.compute.var.memory_in_gbs",
      "status": "pass",
      "objects": [
        {
          "object_addr": "module.compute.var.memory_in_gbs",
          "status": "pass"
        }
      ]
    },
    {
      "object_kind": "var",
      "config_addr": "module.nginx.var.instance_shape",
      "status": "pass",
      "objects": [
        {
          "object_addr": "module.nginx.var.instance_shape",
          "status": "pass"
        }
      ]
    },
    {
      "object_kind": "var",
      "config_addr": "module.mysql.var.data_storage_size_in_gb",
      "status": "pass",
      "objects": [
        {
          "object_addr": "module.mysql.var.data_storage_size_in_gb",
          "status": "pass"
        }
      ]
    }
  ]
}
